// !$*UTF8*$!
{
	archiveVersion = 1;
	classes = {
	};
	objectVersion = 46;
	objects = {

/* Begin PBXBuildFile section */
		1818C3081EECFEFA00C9C430 /* CalculatorBrain.swift in Sources */ = {isa = PBXBuildFile; fileRef = 1818C3071EECFEFA00C9C430 /* CalculatorBrain.swift */; };
		18F82C531EE7B2A900F9FCF7 /* AppDelegate.swift in Sources */ = {isa = PBXBuildFile; fileRef = 18F82C521EE7B2A900F9FCF7 /* AppDelegate.swift */; };
		18F82C551EE7B2A900F9FCF7 /* ViewController.swift in Sources */ = {isa = PBXBuildFile; fileRef = 18F82C541EE7B2A900F9FCF7 /* ViewController.swift */; };
		18F82C581EE7B2A900F9FCF7 /* Main.storyboard in Resources */ = {isa = PBXBuildFile; fileRef = 18F82C561EE7B2A900F9FCF7 /* Main.storyboard */; };
		18F82C5A1EE7B2A900F9FCF7 /* Assets.xcassets in Resources */ = {isa = PBXBuildFile; fileRef = 18F82C591EE7B2A900F9FCF7 /* Assets.xcassets */; };
		18F82C5D1EE7B2A900F9FCF7 /* LaunchScreen.storyboard in Resources */ = {isa = PBXBuildFile; fileRef = 18F82C5B1EE7B2A900F9FCF7 /* LaunchScreen.storyboard */; };
		18F82C681EE7B2A900F9FCF7 /* Stanford_1Tests.swift in Sources */ = {isa = PBXBuildFile; fileRef = 18F82C671EE7B2A900F9FCF7 /* Stanford_1Tests.swift */; };
		18F82C731EE7B2A900F9FCF7 /* Stanford_1UITests.swift in Sources */ = {isa = PBXBuildFile; fileRef = 18F82C721EE7B2A900F9FCF7 /* Stanford_1UITests.swift */; };
/* End PBXBuildFile section */

/* Begin PBXContainerItemProxy section */
		18F82C641EE7B2A900F9FCF7 /* PBXContainerItemProxy */ = {
			isa = PBXContainerItemProxy;
			containerPortal = 18F82C471EE7B2A900F9FCF7 /* Project object */;
			proxyType = 1;
			remoteGlobalIDString = 18F82C4E1EE7B2A900F9FCF7;
			remoteInfo = Stanford_1;
		};
		18F82C6F1EE7B2A900F9FCF7 /* PBXContainerItemProxy */ = {
			isa = PBXContainerItemProxy;
			containerPortal = 18F82C471EE7B2A900F9FCF7 /* Project object */;
			proxyType = 1;
			remoteGlobalIDString = 18F82C4E1EE7B2A900F9FCF7;
			remoteInfo = Stanford_1;
		};
/* End PBXContainerItemProxy section */

/* Begin PBXFileReference section */
		1818C3071EECFEFA00C9C430 /* CalculatorBrain.swift */ = {isa = PBXFileReference; fileEncoding = 4; lastKnownFileType = sourcecode.swift; path = CalculatorBrain.swift; sourceTree = "<group>"; };
		18F82C4F1EE7B2A900F9FCF7 /* Stanford_1.app */ = {isa = PBXFileReference; explicitFileType = wrapper.application; includeInIndex = 0; path = Stanford_1.app; sourceTree = BUILT_PRODUCTS_DIR; };
		18F82C521EE7B2A900F9FCF7 /* AppDelegate.swift */ = {isa = PBXFileReference; lastKnownFileType = sourcecode.swift; path = AppDelegate.swift; sourceTree = "<group>"; };
		18F82C541EE7B2A900F9FCF7 /* ViewController.swift */ = {isa = PBXFileReference; lastKnownFileType = sourcecode.swift; path = ViewController.swift; sourceTree = "<group>"; };
		18F82C571EE7B2A900F9FCF7 /* Base */ = {isa = PBXFileReference; lastKnownFileType = file.storyboard; name = Base; path = Base.lproj/Main.storyboard; sourceTree = "<group>"; };
		18F82C591EE7B2A900F9FCF7 /* Assets.xcassets */ = {isa = PBXFileReference; lastKnownFileType = folder.assetcatalog; path = Assets.xcassets; sourceTree = "<group>"; };
		18F82C5C1EE7B2A900F9FCF7 /* Base */ = {isa = PBXFileReference; lastKnownFileType = file.storyboard; name = Base; path = Base.lproj/LaunchScreen.storyboard; sourceTree = "<group>"; };
		18F82C5E1EE7B2A900F9FCF7 /* Info.plist */ = {isa = PBXFileReference; lastKnownFileType = text.plist.xml; path = Info.plist; sourceTree = "<group>"; };
		18F82C631EE7B2A900F9FCF7 /* Stanford_1Tests.xctest */ = {isa = PBXFileReference; explicitFileType = wrapper.cfbundle; includeInIndex = 0; path = Stanford_1Tests.xctest; sourceTree = BUILT_PRODUCTS_DIR; };
		18F82C671EE7B2A900F9FCF7 /* Stanford_1Tests.swift */ = {isa = PBXFileReference; lastKnownFileType = sourcecode.swift; path = Stanford_1Tests.swift; sourceTree = "<group>"; };
		18F82C691EE7B2A900F9FCF7 /* Info.plist */ = {isa = PBXFileReference; lastKnownFileType = text.plist.xml; path = Info.plist; sourceTree = "<group>"; };
		18F82C6E1EE7B2A900F9FCF7 /* Stanford_1UITests.xctest */ = {isa = PBXFileReference; explicitFileType = wrapper.cfbundle; includeInIndex = 0; path = Stanford_1UITests.xctest; sourceTree = BUILT_PRODUCTS_DIR; };
		18F82C721EE7B2A900F9FCF7 /* Stanford_1UITests.swift */ = {isa = PBXFileReference; lastKnownFileType = sourcecode.swift; path = Stanford_1UITests.swift; sourceTree = "<group>"; };
		18F82C741EE7B2A900F9FCF7 /* Info.plist */ = {isa = PBXFileReference; lastKnownFileType = text.plist.xml; path = Info.plist; sourceTree = "<group>"; };
/* End PBXFileReference section */

/* Begin PBXFrameworksBuildPhase section */
		18F82C4C1EE7B2A900F9FCF7 /* Frameworks */ = {
			isa = PBXFrameworksBuildPhase;
			buildActionMask = 2147483647;
			files = (
			);
			runOnlyForDeploymentPostprocessing = 0;
		};
		18F82C601EE7B2A900F9FCF7 /* Frameworks */ = {
			isa = PBXFrameworksBuildPhase;
			buildActionMask = 2147483647;
			files = (
			);
			runOnlyForDeploymentPostprocessing = 0;
		};
		18F82C6B1EE7B2A900F9FCF7 /* Frameworks */ = {
			isa = PBXFrameworksBuildPhase;
			buildActionMask = 2147483647;
			files = (
			);
			runOnlyForDeploymentPostprocessing = 0;
		};
/* End PBXFrameworksBuildPhase section */

/* Begin PBXGroup section */
		18F82C461EE7B2A900F9FCF7 = {
			isa = PBXGroup;
			children = (
				18F82C511EE7B2A900F9FCF7 /* Stanford_1 */,
				18F82C661EE7B2A900F9FCF7 /* Stanford_1Tests */,
				18F82C711EE7B2A900F9FCF7 /* Stanford_1UITests */,
				18F82C501EE7B2A900F9FCF7 /* Products */,
			);
			sourceTree = "<group>";
		};
		18F82C501EE7B2A900F9FCF7 /* Products */ = {
			isa = PBXGroup;
			children = (
				18F82C4F1EE7B2A900F9FCF7 /* Stanford_1.app */,
				18F82C631EE7B2A900F9FCF7 /* Stanford_1Tests.xctest */,
				18F82C6E1EE7B2A900F9FCF7 /* Stanford_1UITests.xctest */,
			);
			name = Products;
			sourceTree = "<group>";
		};
		18F82C511EE7B2A900F9FCF7 /* Stanford_1 */ = {
			isa = PBXGroup;
			children = (
				18F82C521EE7B2A900F9FCF7 /* AppDelegate.swift */,
				18F82C541EE7B2A900F9FCF7 /* ViewController.swift */,
				1818C3071EECFEFA00C9C430 /* CalculatorBrain.swift */,
				18F82C561EE7B2A900F9FCF7 /* Main.storyboard */,
				18F82C591EE7B2A900F9FCF7 /* Assets.xcassets */,
				18F82C5B1EE7B2A900F9FCF7 /* LaunchScreen.storyboard */,
				18F82C5E1EE7B2A900F9FCF7 /* Info.plist */,
			);
			path = Stanford_1;
			sourceTree = "<group>";
		};
		18F82C661EE7B2A900F9FCF7 /* Stanford_1Tests */ = {
			isa = PBXGroup;
			children = (
				18F82C671EE7B2A900F9FCF7 /* Stanford_1Tests.swift */,
				18F82C691EE7B2A900F9FCF7 /* Info.plist */,
			);
			path = Stanford_1Tests;
			sourceTree = "<group>";
		};
		18F82C711EE7B2A900F9FCF7 /* Stanford_1UITests */ = {
			isa = PBXGroup;
			children = (
				18F82C721EE7B2A900F9FCF7 /* Stanford_1UITests.swift */,
				18F82C741EE7B2A900F9FCF7 /* Info.plist */,
			);
			path = Stanford_1UITests;
			sourceTree = "<group>";
		};
/* End PBXGroup section */

/* Begin PBXNativeTarget section */
		18F82C4E1EE7B2A900F9FCF7 /* Stanford_1 */ = {
			isa = PBXNativeTarget;
			buildConfigurationList = 18F82C771EE7B2A900F9FCF7 /* Build configuration list for PBXNativeTarget "Stanford_1" */;
			buildPhases = (
				18F82C4B1EE7B2A900F9FCF7 /* Sources */,
				18F82C4C1EE7B2A900F9FCF7 /* Frameworks */,
				18F82C4D1EE7B2A900F9FCF7 /* Resources */,
			);
			buildRules = (
			);
			dependencies = (
			);
			name = Stanford_1;
			productName = Stanford_1;
			productReference = 18F82C4F1EE7B2A900F9FCF7 /* Stanford_1.app */;
			productType = "com.apple.product-type.application";
		};
		18F82C621EE7B2A900F9FCF7 /* Stanford_1Tests */ = {
			isa = PBXNativeTarget;
			buildConfigurationList = 18F82C7A1EE7B2A900F9FCF7 /* Build configuration list for PBXNativeTarget "Stanford_1Tests" */;
			buildPhases = (
				18F82C5F1EE7B2A900F9FCF7 /* Sources */,
				18F82C601EE7B2A900F9FCF7 /* Frameworks */,
				18F82C611EE7B2A900F9FCF7 /* Resources */,
			);
			buildRules = (
			);
			dependencies = (
				18F82C651EE7B2A900F9FCF7 /* PBXTargetDependency */,
			);
			name = Stanford_1Tests;
			productName = Stanford_1Tests;
			productReference = 18F82C631EE7B2A900F9FCF7 /* Stanford_1Tests.xctest */;
			productType = "com.apple.product-type.bundle.unit-test";
		};
		18F82C6D1EE7B2A900F9FCF7 /* Stanford_1UITests */ = {
			isa = PBXNativeTarget;
			buildConfigurationList = 18F82C7D1EE7B2A900F9FCF7 /* Build configuration list for PBXNativeTarget "Stanford_1UITests" */;
			buildPhases = (
				18F82C6A1EE7B2A900F9FCF7 /* Sources */,
				18F82C6B1EE7B2A900F9FCF7 /* Frameworks */,
				18F82C6C1EE7B2A900F9FCF7 /* Resources */,
			);
			buildRules = (
			);
			dependencies = (
				18F82C701EE7B2A900F9FCF7 /* PBXTargetDependency */,
			);
			name = Stanford_1UITests;
			productName = Stanford_1UITests;
			productReference = 18F82C6E1EE7B2A900F9FCF7 /* Stanford_1UITests.xctest */;
			productType = "com.apple.product-type.bundle.ui-testing";
		};
/* End PBXNativeTarget section */

/* Begin PBXProject section */
		18F82C471EE7B2A900F9FCF7 /* Project object */ = {
			isa = PBXProject;
			attributes = {
				LastSwiftUpdateCheck = 0830;
				LastUpgradeCheck = 0830;
				ORGANIZATIONNAME = "Myeongjin kyeong";
				TargetAttributes = {
					18F82C4E1EE7B2A900F9FCF7 = {
						CreatedOnToolsVersion = 8.3.2;
						DevelopmentTeam = DV7CCP6JDK;
						ProvisioningStyle = Automatic;
					};
					18F82C621EE7B2A900F9FCF7 = {
						CreatedOnToolsVersion = 8.3.2;
						DevelopmentTeam = DV7CCP6JDK;
						ProvisioningStyle = Automatic;
						TestTargetID = 18F82C4E1EE7B2A900F9FCF7;
					};
					18F82C6D1EE7B2A900F9FCF7 = {
						CreatedOnToolsVersion = 8.3.2;
						DevelopmentTeam = DV7CCP6JDK;
						ProvisioningStyle = Automatic;
						TestTargetID = 18F82C4E1EE7B2A900F9FCF7;
					};
				};
			};
			buildConfigurationList = 18F82C4A1EE7B2A900F9FCF7 /* Build configuration list for PBXProject "Stanford_1" */;
			compatibilityVersion = "Xcode 3.2";
			developmentRegion = English;
			hasScannedForEncodings = 0;
			knownRegions = (
				en,
				Base,
			);
			mainGroup = 18F82C461EE7B2A900F9FCF7;
			productRefGroup = 18F82C501EE7B2A900F9FCF7 /* Products */;
			projectDirPath = "";
			projectRoot = "";
			targets = (
				18F82C4E1EE7B2A900F9FCF7 /* Stanford_1 */,
				18F82C621EE7B2A900F9FCF7 /* Stanford_1Tests */,
				18F82C6D1EE7B2A900F9FCF7 /* Stanford_1UITests */,
			);
		};
/* End PBXProject section */

/* Begin PBXResourcesBuildPhase section */
		18F82C4D1EE7B2A900F9FCF7 /* Resources */ = {
			isa = PBXResourcesBuildPhase;
			buildActionMask = 2147483647;
			files = (
				18F82C5D1EE7B2A900F9FCF7 /* LaunchScreen.storyboard in Resources */,
				18F82C5A1EE7B2A900F9FCF7 /* Assets.xcassets in Resources */,
				18F82C581EE7B2A900F9FCF7 /* Main.storyboard in Resources */,
			);
			runOnlyForDeploymentPostprocessing = 0;
		};
		18F82C611EE7B2A900F9FCF7 /* Resources */ = {
			isa = PBXResourcesBuildPhase;
			buildActionMask = 2147483647;
			files = (
			);
			runOnlyForDeploymentPostprocessing = 0;
		};
		18F82C6C1EE7B2A900F9FCF7 /* Resources */ = {
			isa = PBXResourcesBuildPhase;
			buildActionMask = 2147483647;
			files = (
			);
			runOnlyForDeploymentPostprocessing = 0;
		};
/* End PBXResourcesBuildPhase section */

/* Begin PBXSourcesBuildPhase section */
		18F82C4B1EE7B2A900F9FCF7 /* Sources */ = {
			isa = PBXSourcesBuildPhase;
			buildActionMask = 2147483647;
			files = (
				18F82C551EE7B2A900F9FCF7 /* ViewController.swift in Sources */,
				1818C3081EECFEFA00C9C430 /* CalculatorBrain.swift in Sources */,
				18F82C531EE7B2A900F9FCF7 /* AppDelegate.swift in Sources */,
			);
			runOnlyForDeploymentPostprocessing = 0;
		};
		18F82C5F1EE7B2A900F9FCF7 /* Sources */ = {
			isa = PBXSourcesBuildPhase;
			buildActionMask = 2147483647;
			files = (
				18F82C681EE7B2A900F9FCF7 /* Stanford_1Tests.swift in Sources */,
			);
			runOnlyForDeploymentPostprocessing = 0;
		};
		18F82C6A1EE7B2A900F9FCF7 /* Sources */ = {
			isa = PBXSourcesBuildPhase;
			buildActionMask = 2147483647;
			files = (
				18F82C731EE7B2A900F9FCF7 /* Stanford_1UITests.swift in Sources */,
			);
			runOnlyForDeploymentPostprocessing = 0;
		};
/* End PBXSourcesBuildPhase section */

/* Begin PBXTargetDependency section */
		18F82C651EE7B2A900F9FCF7 /* PBXTargetDependency */ = {
			isa = PBXTargetDependency;
			target = 18F82C4E1EE7B2A900F9FCF7 /* Stanford_1 */;
			targetProxy = 18F82C641EE7B2A900F9FCF7 /* PBXContainerItemProxy */;
		};
		18F82C701EE7B2A900F9FCF7 /* PBXTargetDependency */ = {
			isa = PBXTargetDependency;
			target = 18F82C4E1EE7B2A900F9FCF7 /* Stanford_1 */;
			targetProxy = 18F82C6F1EE7B2A900F9FCF7 /* PBXContainerItemProxy */;
		};
/* End PBXTargetDependency section */

/* Begin PBXVariantGroup section */
		18F82C561EE7B2A900F9FCF7 /* Main.storyboard */ = {
			isa = PBXVariantGroup;
			children = (
				18F82C571EE7B2A900F9FCF7 /* Base */,
			);
			name = Main.storyboard;
			sourceTree = "<group>";
		};
		18F82C5B1EE7B2A900F9FCF7 /* LaunchScreen.storyboard */ = {
			isa = PBXVariantGroup;
			children = (
				18F82C5C1EE7B2A900F9FCF7 /* Base */,
			);
			name = LaunchScreen.storyboard;
			sourceTree = "<group>";
		};
/* End PBXVariantGroup section */

/* Begin XCBuildConfiguration section */
		18F82C751EE7B2A900F9FCF7 /* Debug */ = {
			isa = XCBuildConfiguration;
			buildSettings = {
				ALWAYS_SEARCH_USER_PATHS = NO;
				CLANG_ANALYZER_NONNULL = YES;
				CLANG_ANALYZER_NUMBER_OBJECT_CONVERSION = YES_AGGRESSIVE;
				CLANG_CXX_LANGUAGE_STANDARD = "gnu++0x";
				CLANG_CXX_LIBRARY = "libc++";
				CLANG_ENABLE_MODULES = YES;
				CLANG_ENABLE_OBJC_ARC = YES;
				CLANG_WARN_BOOL_CONVERSION = YES;
				CLANG_WARN_CONSTANT_CONVERSION = YES;
				CLANG_WARN_DIRECT_OBJC_ISA_USAGE = YES_ERROR;
				CLANG_WARN_DOCUMENTATION_COMMENTS = YES;
				CLANG_WARN_EMPTY_BODY = YES;
				CLANG_WARN_ENUM_CONVERSION = YES;
				CLANG_WARN_INFINITE_RECURSION = YES;
				CLANG_WARN_INT_CONVERSION = YES;
				CLANG_WARN_OBJC_ROOT_CLASS = YES_ERROR;
				CLANG_WARN_SUSPICIOUS_MOVE = YES;
				CLANG_WARN_UNREACHABLE_CODE = YES;
				CLANG_WARN__DUPLICATE_METHOD_MATCH = YES;
				"CODE_SIGN_IDENTITY[sdk=iphoneos*]" = "iPhone Developer";
				COPY_PHASE_STRIP = NO;
				DEBUG_INFORMATION_FORMAT = dwarf;
				ENABLE_STRICT_OBJC_MSGSEND = YES;
				ENABLE_TESTABILITY = YES;
				GCC_C_LANGUAGE_STANDARD = gnu99;
				GCC_DYNAMIC_NO_PIC = NO;
				GCC_NO_COMMON_BLOCKS = YES;
				GCC_OPTIMIZATION_LEVEL = 0;
				GCC_PREPROCESSOR_DEFINITIONS = (
					"DEBUG=1",
					"$(inherited)",
				);
				GCC_WARN_64_TO_32_BIT_CONVERSION = YES;
				GCC_WARN_ABOUT_RETURN_TYPE = YES_ERROR;
				GCC_WARN_UNDECLARED_SELECTOR = YES;
				GCC_WARN_UNINITIALIZED_AUTOS = YES_AGGRESSIVE;
				GCC_WARN_UNUSED_FUNCTION = YES;
				GCC_WARN_UNUSED_VARIABLE = YES;
				IPHONEOS_DEPLOYMENT_TARGET = 10.3;
				MTL_ENABLE_DEBUG_INFO = YES;
				ONLY_ACTIVE_ARCH = YES;
				SDKROOT = iphoneos;
				SWIFT_ACTIVE_COMPILATION_CONDITIONS = DEBUG;
				SWIFT_OPTIMIZATION_LEVEL = "-Onone";
				TARGETED_DEVICE_FAMILY = "1,2";
			};
			name = Debug;
		};
		18F82C761EE7B2A900F9FCF7 /* Release */ = {
			isa = XCBuildConfiguration;
			buildSettings = {
				ALWAYS_SEARCH_USER_PATHS = NO;
				CLANG_ANALYZER_NONNULL = YES;
				CLANG_ANALYZER_NUMBER_OBJECT_CONVERSION = YES_AGGRESSIVE;
				CLANG_CXX_LANGUAGE_STANDARD = "gnu++0x";
				CLANG_CXX_LIBRARY = "libc++";
				CLANG_ENABLE_MODULES = YES;
				CLANG_ENABLE_OBJC_ARC = YES;
				CLANG_WARN_BOOL_CONVERSION = YES;
				CLANG_WARN_CONSTANT_CONVERSION = YES;
				CLANG_WARN_DIRECT_OBJC_ISA_USAGE = YES_ERROR;
				CLANG_WARN_DOCUMENTATION_COMMENTS = YES;
				CLANG_WARN_EMPTY_BODY = YES;
				CLANG_WARN_ENUM_CONVERSION = YES;
				CLANG_WARN_INFINITE_RECURSION = YES;
				CLANG_WARN_INT_CONVERSION = YES;
				CLANG_WARN_OBJC_ROOT_CLASS = YES_ERROR;
				CLANG_WARN_SUSPICIOUS_MOVE = YES;
				CLANG_WARN_UNREACHABLE_CODE = YES;
				CLANG_WARN__DUPLICATE_METHOD_MATCH = YES;
				"CODE_SIGN_IDENTITY[sdk=iphoneos*]" = "iPhone Developer";
				COPY_PHASE_STRIP = NO;
				DEBUG_INFORMATION_FORMAT = "dwarf-with-dsym";
				ENABLE_NS_ASSERTIONS = NO;
				ENABLE_STRICT_OBJC_MSGSEND = YES;
				GCC_C_LANGUAGE_STANDARD = gnu99;
				GCC_NO_COMMON_BLOCKS = YES;
				GCC_WARN_64_TO_32_BIT_CONVERSION = YES;
				GCC_WARN_ABOUT_RETURN_TYPE = YES_ERROR;
				GCC_WARN_UNDECLARED_SELECTOR = YES;
				GCC_WARN_UNINITIALIZED_AUTOS = YES_AGGRESSIVE;
				GCC_WARN_UNUSED_FUNCTION = YES;
				GCC_WARN_UNUSED_VARIABLE = YES;
				IPHONEOS_DEPLOYMENT_TARGET = 10.3;
				MTL_ENABLE_DEBUG_INFO = NO;
				SDKROOT = iphoneos;
				SWIFT_OPTIMIZATION_LEVEL = "-Owholemodule";
				TARGETED_DEVICE_FAMILY = "1,2";
				VALIDATE_PRODUCT = YES;
			};
			name = Release;
		};
		18F82C781EE7B2A900F9FCF7 /* Debug */ = {
			isa = XCBuildConfiguration;
			buildSettings = {
				ASSETCATALOG_COMPILER_APPICON_NAME = AppIcon;
				DEVELOPMENT_TEAM = DV7CCP6JDK;
				INFOPLIST_FILE = Stanford_1/Info.plist;
				LD_RUNPATH_SEARCH_PATHS = "$(inherited) @executable_path/Frameworks";
				PRODUCT_BUNDLE_IDENTIFIER = "appcenter.Stanford-1";
				PRODUCT_NAME = "$(TARGET_NAME)";
				SWIFT_VERSION = 3.0;
			};
			name = Debug;
		};
		18F82C791EE7B2A900F9FCF7 /* Release */ = {
			isa = XCBuildConfiguration;
			buildSettings = {
				ASSETCATALOG_COMPILER_APPICON_NAME = AppIcon;
				DEVELOPMENT_TEAM = DV7CCP6JDK;
				INFOPLIST_FILE = Stanford_1/Info.plist;
				LD_RUNPATH_SEARCH_PATHS = "$(inherited) @executable_path/Frameworks";
				PRODUCT_BUNDLE_IDENTIFIER = "appcenter.Stanford-1";
				PRODUCT_NAME = "$(TARGET_NAME)";
				SWIFT_VERSION = 3.0;
			};
			name = Release;
		};
		18F82C7B1EE7B2A900F9FCF7 /* Debug */ = {
			isa = XCBuildConfiguration;
			buildSettings = {
				ALWAYS_EMBED_SWIFT_STANDARD_LIBRARIES = YES;
				BUNDLE_LOADER = "$(TEST_HOST)";
				DEVELOPMENT_TEAM = DV7CCP6JDK;
				INFOPLIST_FILE = Stanford_1Tests/Info.plist;
				LD_RUNPATH_SEARCH_PATHS = "$(inherited) @executable_path/Frameworks @loader_path/Frameworks";
				PRODUCT_BUNDLE_IDENTIFIER = "appcenter.Stanford-1Tests";
				PRODUCT_NAME = "$(TARGET_NAME)";
				SWIFT_VERSION = 3.0;
				TEST_HOST = "$(BUILT_PRODUCTS_DIR)/Stanford_1.app/Stanford_1";
			};
			name = Debug;
		};
		18F82C7C1EE7B2A900F9FCF7 /* Release */ = {
			isa = XCBuildConfiguration;
			buildSettings = {
				ALWAYS_EMBED_SWIFT_STANDARD_LIBRARIES = YES;
				BUNDLE_LOADER = "$(TEST_HOST)";
				DEVELOPMENT_TEAM = DV7CCP6JDK;
				INFOPLIST_FILE = Stanford_1Tests/Info.plist;
				LD_RUNPATH_SEARCH_PATHS = "$(inherited) @executable_path/Frameworks @loader_path/Frameworks";
				PRODUCT_BUNDLE_IDENTIFIER = "appcenter.Stanford-1Tests";
				PRODUCT_NAME = "$(TARGET_NAME)";
				SWIFT_VERSION = 3.0;
				TEST_HOST = "$(BUILT_PRODUCTS_DIR)/Stanford_1.app/Stanford_1";
			};
			name = Release;
		};
		18F82C7E1EE7B2A900F9FCF7 /* Debug */ = {
			isa = XCBuildConfiguration;
			buildSettings = {
				ALWAYS_EMBED_SWIFT_STANDARD_LIBRARIES = YES;
				DEVELOPMENT_TEAM = DV7CCP6JDK;
				INFOPLIST_FILE = Stanford_1UITests/Info.plist;
				LD_RUNPATH_SEARCH_PATHS = "$(inherited) @executable_path/Frameworks @loader_path/Frameworks";
				PRODUCT_BUNDLE_IDENTIFIER = "appcenter.Stanford-1UITests";
				PRODUCT_NAME = "$(TARGET_NAME)";
				SWIFT_VERSION = 3.0;
				TEST_TARGET_NAME = Stanford_1;
			};
			name = Debug;
		};
		18F82C7F1EE7B2A900F9FCF7 /* Release */ = {
			isa = XCBuildConfiguration;
			buildSettings = {
				ALWAYS_EMBED_SWIFT_STANDARD_LIBRARIES = YES;
				DEVELOPMENT_TEAM = DV7CCP6JDK;
				INFOPLIST_FILE = Stanford_1UITests/Info.plist;
				LD_RUNPATH_SEARCH_PATHS = "$(inherited) @executable_path/Frameworks @loader_path/Frameworks";
				PRODUCT_BUNDLE_IDENTIFIER = "appcenter.Stanford-1UITests";
				PRODUCT_NAME = "$(TARGET_NAME)";
				SWIFT_VERSION = 3.0;
				TEST_TARGET_NAME = Stanford_1;
			};
			name = Release;
		};
/* End XCBuildConfiguration section */

/* Begin XCConfigurationList section */
		18F82C4A1EE7B2A900F9FCF7 /* Build configuration list for PBXProject "Stanford_1" */ = {
			isa = XCConfigurationList;
			buildConfigurations = (
				18F82C751EE7B2A900F9FCF7 /* Debug */,
				18F82C761EE7B2A900F9FCF7 /* Release */,
			);
			defaultConfigurationIsVisible = 0;
			defaultConfigurationName = Release;
		};
		18F82C771EE7B2A900F9FCF7 /* Build configuration list for PBXNativeTarget "Stanford_1" */ = {
			isa = XCConfigurationList;
			buildConfigurations = (
				18F82C781EE7B2A900F9FCF7 /* Debug */,
				18F82C791EE7B2A900F9FCF7 /* Release */,
			);
			defaultConfigurationIsVisible = 0;
			defaultConfigurationName = Release;
		};
		18F82C7A1EE7B2A900F9FCF7 /* Build configuration list for PBXNativeTarget "Stanford_1Tests" */ = {
			isa = XCConfigurationList;
			buildConfigurations = (
				18F82C7B1EE7B2A900F9FCF7 /* Debug */,
				18F82C7C1EE7B2A900F9FCF7 /* Release */,
			);
			defaultConfigurationIsVisible = 0;
			defaultConfigurationName = Release;
		};
		18F82C7D1EE7B2A900F9FCF7 /* Build configuration list for PBXNativeTarget "Stanford_1UITests" */ = {
			isa = XCConfigurationList;
			buildConfigurations = (
				18F82C7E1EE7B2A900F9FCF7 /* Debug */,
				18F82C7F1EE7B2A900F9FCF7 /* Release */,
			);
			defaultConfigurationIsVisible = 0;
			defaultConfigurationName = Release;
		};
/* End XCConfigurationList section */
	};
	rootObject = 18F82C471EE7B2A900F9FCF7 /* Project object */;
}
